
Microsoft Visual Studio Solution File, Format Version 12.00
# Visual Studio Version 16
VisualStudioVersion = 16.0.29306.81
MinimumVisualStudioVersion = 10.0.40219.1
Project("{FAE04EC0-301F-11D3-BF4B-00C04F79EFBC}") = "NewUnits", "NewUnits\NewUnits.csproj", "{276AC451-AAF3-4209-9848-BBEEF1E78E39}"
EndProject
Global
	GlobalSection(SolutionConfigurationPlatforms) = preSolution
		Debug|Any CPU = Debug|Any CPU
		Release|Any CPU = Release|Any CPU
	EndGlobalSection
	GlobalSection(ProjectConfigurationPlatforms) = postSolution
		{276AC451-AAF3-4209-9848-BBEEF1E78E39}.Debug|Any CPU.ActiveCfg = Debug|Any CPU
		{276AC451-AAF3-4209-9848-BBEEF1E78E39}.Debug|Any CPU.Build.0 = Debug|Any CPU
		{276AC451-AAF3-4209-9848-BBEEF1E78E39}.Release|Any CPU.ActiveCfg = Release|Any CPU
		{276AC451-AAF3-4209-9848-BBEEF1E78E39}.Release|Any CPU.Build.0 = Release|Any CPU
	EndGlobalSection
	GlobalSection(SolutionProperties) = preSolution
		HideSolutionNode = FALSE
	EndGlobalSection
	GlobalSection(ExtensibilityGlobals) = postSolution
		SolutionGuid = {EF8A7FC4-CD38-44D8-8648-B6935EA8642A}
	EndGlobalSection
EndGlobal
